
Microsoft Visual Studio Solution File, Format Version 12.00
# Visual Studio Version 16
VisualStudioVersion = 16.0.29519.87
MinimumVisualStudioVersion = 10.0.40219.1
Project("{2150E333-8FDC-42A3-9474-1A3956D46DE8}") = "01. Clients", "01. Clients", "{676F5EF6-F018-4A6F-9800-893E373565AD}"
EndProject
Project("{2150E333-8FDC-42A3-9474-1A3956D46DE8}") = "02. Api.Gateways", "02. Api.Gateways", "{46456492-B25F-4500-A93A-F50B18957F8F}"
EndProject
Project("{2150E333-8FDC-42A3-9474-1A3956D46DE8}") = "03. Services", "03. Services", "{1CD3656D-0661-4782-B83D-DED31B817E7D}"
EndProject
Project("{2150E333-8FDC-42A3-9474-1A3956D46DE8}") = "01. Identity", "01. Identity", "{C88CF9A6-ADF1-4FDC-B09E-7EAB2CB81FF4}"
EndProject
Project("{2150E333-8FDC-42A3-9474-1A3956D46DE8}") = "02. Catalog", "02. Catalog", "{CC495AB8-40C6-4AE0-A19F-0B2B9642D0F2}"
EndProject
Project("{2150E333-8FDC-42A3-9474-1A3956D46DE8}") = "03. Customer", "03. Customer", "{7647CD93-872B-4681-8120-E2D2C0483C5A}"
EndProject
Project("{2150E333-8FDC-42A3-9474-1A3956D46DE8}") = "04. Order", "04. Order", "{42DB8C55-9EF3-4905-8509-696C153626CD}"
EndProject
Project("{9A19103F-16F7-4668-BE54-9A1E7A4F7556}") = "Catalog.Api", "src\Services\Catalog\Catalog.Api\Catalog.Api.csproj", "{9F760A35-1934-42F1-9251-D4EBF8E17224}"
EndProject
Project("{2150E333-8FDC-42A3-9474-1A3956D46DE8}") = "01. API", "01. API", "{8765ABC4-A358-4027-ACEF-1C896E353E67}"
EndProject
Project("{2150E333-8FDC-42A3-9474-1A3956D46DE8}") = "02. Services", "02. Services", "{4610C325-AFF3-4CA2-9661-ADA80DD88500}"
EndProject
Project("{2150E333-8FDC-42A3-9474-1A3956D46DE8}") = "03. Persistence", "03. Persistence", "{53A1988D-A559-4494-93D1-2E0D6D64872D}"
EndProject
Project("{2150E333-8FDC-42A3-9474-1A3956D46DE8}") = "04. Models", "04. Models", "{23931A56-2206-4FC5-9465-E8D25CCFD475}"
EndProject
Project("{9A19103F-16F7-4668-BE54-9A1E7A4F7556}") = "Catalog.Domain", "src\Services\Catalog\Catalog.Domain\Catalog.Domain.csproj", "{ECD41CD3-E6A9-42F3-A3FD-A9393FBDA71B}"
EndProject
Project("{9A19103F-16F7-4668-BE54-9A1E7A4F7556}") = "Catalog.Persistence.Database", "src\Services\Catalog\Catalog.Persistence.Database\Catalog.Persistence.Database.csproj", "{B0CB69EB-C74C-4D52-9561-0EBFB3AA4FC8}"
EndProject
Project("{9A19103F-16F7-4668-BE54-9A1E7A4F7556}") = "Catalog.Service.Queries", "src\Services\Catalog\Catalog.Service.Queries\Catalog.Service.Queries.csproj", "{3D643D92-2194-404C-81D2-11F2DF5E020B}"
EndProject
Project("{2150E333-8FDC-42A3-9474-1A3956D46DE8}") = "Common", "Common", "{45644A5F-51CD-411A-9B96-799AF8E03697}"
EndProject
Project("{9A19103F-16F7-4668-BE54-9A1E7A4F7556}") = "Service.Common.Collection", "src\Services\Catalog\Service.Common.Collection\Service.Common.Collection.csproj", "{FDC3302A-A92F-4157-8B66-B8640258BBE2}"
EndProject
Project("{9A19103F-16F7-4668-BE54-9A1E7A4F7556}") = "Service.Common.Paging", "src\Services\Catalog\Service.Common.Paging\Service.Common.Paging.csproj", "{0ADC352F-1F65-4102-8498-D22432A38179}"
EndProject
Project("{9A19103F-16F7-4668-BE54-9A1E7A4F7556}") = "Service.Common.Mapping", "src\Services\Catalog\Service.Common.Mapping\Service.Common.Mapping.csproj", "{045195BE-1F5E-4130-99BA-5344D6862D9B}"
EndProject
Project("{FAE04EC0-301F-11D3-BF4B-00C04F79EFBC}") = "Catalog.Service.EventHandlers", "src\Services\Catalog\Catalog.Service.EventHandlers\Catalog.Service.EventHandlers.csproj", "{7C7F3675-D3B1-4676-BC57-75D4506FF9DE}"
EndProject
Global
	GlobalSection(SolutionConfigurationPlatforms) = preSolution
		Debug|Any CPU = Debug|Any CPU
		Release|Any CPU = Release|Any CPU
	EndGlobalSection
	GlobalSection(ProjectConfigurationPlatforms) = postSolution
		{9F760A35-1934-42F1-9251-D4EBF8E17224}.Debug|Any CPU.ActiveCfg = Debug|Any CPU
		{9F760A35-1934-42F1-9251-D4EBF8E17224}.Debug|Any CPU.Build.0 = Debug|Any CPU
		{9F760A35-1934-42F1-9251-D4EBF8E17224}.Release|Any CPU.ActiveCfg = Release|Any CPU
		{9F760A35-1934-42F1-9251-D4EBF8E17224}.Release|Any CPU.Build.0 = Release|Any CPU
		{ECD41CD3-E6A9-42F3-A3FD-A9393FBDA71B}.Debug|Any CPU.ActiveCfg = Debug|Any CPU
		{ECD41CD3-E6A9-42F3-A3FD-A9393FBDA71B}.Debug|Any CPU.Build.0 = Debug|Any CPU
		{ECD41CD3-E6A9-42F3-A3FD-A9393FBDA71B}.Release|Any CPU.ActiveCfg = Release|Any CPU
		{ECD41CD3-E6A9-42F3-A3FD-A9393FBDA71B}.Release|Any CPU.Build.0 = Release|Any CPU
		{B0CB69EB-C74C-4D52-9561-0EBFB3AA4FC8}.Debug|Any CPU.ActiveCfg = Debug|Any CPU
		{B0CB69EB-C74C-4D52-9561-0EBFB3AA4FC8}.Debug|Any CPU.Build.0 = Debug|Any CPU
		{B0CB69EB-C74C-4D52-9561-0EBFB3AA4FC8}.Release|Any CPU.ActiveCfg = Release|Any CPU
		{B0CB69EB-C74C-4D52-9561-0EBFB3AA4FC8}.Release|Any CPU.Build.0 = Release|Any CPU
		{3D643D92-2194-404C-81D2-11F2DF5E020B}.Debug|Any CPU.ActiveCfg = Debug|Any CPU
		{3D643D92-2194-404C-81D2-11F2DF5E020B}.Debug|Any CPU.Build.0 = Debug|Any CPU
		{3D643D92-2194-404C-81D2-11F2DF5E020B}.Release|Any CPU.ActiveCfg = Release|Any CPU
		{3D643D92-2194-404C-81D2-11F2DF5E020B}.Release|Any CPU.Build.0 = Release|Any CPU
		{FDC3302A-A92F-4157-8B66-B8640258BBE2}.Debug|Any CPU.ActiveCfg = Debug|Any CPU
		{FDC3302A-A92F-4157-8B66-B8640258BBE2}.Debug|Any CPU.Build.0 = Debug|Any CPU
		{FDC3302A-A92F-4157-8B66-B8640258BBE2}.Release|Any CPU.ActiveCfg = Release|Any CPU
		{FDC3302A-A92F-4157-8B66-B8640258BBE2}.Release|Any CPU.Build.0 = Release|Any CPU
		{0ADC352F-1F65-4102-8498-D22432A38179}.Debug|Any CPU.ActiveCfg = Debug|Any CPU
		{0ADC352F-1F65-4102-8498-D22432A38179}.Debug|Any CPU.Build.0 = Debug|Any CPU
		{0ADC352F-1F65-4102-8498-D22432A38179}.Release|Any CPU.ActiveCfg = Release|Any CPU
		{0ADC352F-1F65-4102-8498-D22432A38179}.Release|Any CPU.Build.0 = Release|Any CPU
		{045195BE-1F5E-4130-99BA-5344D6862D9B}.Debug|Any CPU.ActiveCfg = Debug|Any CPU
		{045195BE-1F5E-4130-99BA-5344D6862D9B}.Debug|Any CPU.Build.0 = Debug|Any CPU
		{045195BE-1F5E-4130-99BA-5344D6862D9B}.Release|Any CPU.ActiveCfg = Release|Any CPU
		{045195BE-1F5E-4130-99BA-5344D6862D9B}.Release|Any CPU.Build.0 = Release|Any CPU
		{7C7F3675-D3B1-4676-BC57-75D4506FF9DE}.Debug|Any CPU.ActiveCfg = Debug|Any CPU
		{7C7F3675-D3B1-4676-BC57-75D4506FF9DE}.Debug|Any CPU.Build.0 = Debug|Any CPU
		{7C7F3675-D3B1-4676-BC57-75D4506FF9DE}.Release|Any CPU.ActiveCfg = Release|Any CPU
		{7C7F3675-D3B1-4676-BC57-75D4506FF9DE}.Release|Any CPU.Build.0 = Release|Any CPU
	EndGlobalSection
	GlobalSection(SolutionProperties) = preSolution
		HideSolutionNode = FALSE
	EndGlobalSection
	GlobalSection(NestedProjects) = preSolution
		{C88CF9A6-ADF1-4FDC-B09E-7EAB2CB81FF4} = {1CD3656D-0661-4782-B83D-DED31B817E7D}
		{CC495AB8-40C6-4AE0-A19F-0B2B9642D0F2} = {1CD3656D-0661-4782-B83D-DED31B817E7D}
		{7647CD93-872B-4681-8120-E2D2C0483C5A} = {1CD3656D-0661-4782-B83D-DED31B817E7D}
		{42DB8C55-9EF3-4905-8509-696C153626CD} = {1CD3656D-0661-4782-B83D-DED31B817E7D}
		{9F760A35-1934-42F1-9251-D4EBF8E17224} = {8765ABC4-A358-4027-ACEF-1C896E353E67}
		{8765ABC4-A358-4027-ACEF-1C896E353E67} = {CC495AB8-40C6-4AE0-A19F-0B2B9642D0F2}
		{4610C325-AFF3-4CA2-9661-ADA80DD88500} = {CC495AB8-40C6-4AE0-A19F-0B2B9642D0F2}
		{53A1988D-A559-4494-93D1-2E0D6D64872D} = {CC495AB8-40C6-4AE0-A19F-0B2B9642D0F2}
		{23931A56-2206-4FC5-9465-E8D25CCFD475} = {CC495AB8-40C6-4AE0-A19F-0B2B9642D0F2}
		{ECD41CD3-E6A9-42F3-A3FD-A9393FBDA71B} = {23931A56-2206-4FC5-9465-E8D25CCFD475}
		{B0CB69EB-C74C-4D52-9561-0EBFB3AA4FC8} = {53A1988D-A559-4494-93D1-2E0D6D64872D}
		{3D643D92-2194-404C-81D2-11F2DF5E020B} = {4610C325-AFF3-4CA2-9661-ADA80DD88500}
		{45644A5F-51CD-411A-9B96-799AF8E03697} = {1CD3656D-0661-4782-B83D-DED31B817E7D}
		{FDC3302A-A92F-4157-8B66-B8640258BBE2} = {45644A5F-51CD-411A-9B96-799AF8E03697}
		{0ADC352F-1F65-4102-8498-D22432A38179} = {45644A5F-51CD-411A-9B96-799AF8E03697}
		{045195BE-1F5E-4130-99BA-5344D6862D9B} = {45644A5F-51CD-411A-9B96-799AF8E03697}
		{7C7F3675-D3B1-4676-BC57-75D4506FF9DE} = {4610C325-AFF3-4CA2-9661-ADA80DD88500}
	EndGlobalSection
	GlobalSection(ExtensibilityGlobals) = postSolution
		SolutionGuid = {C67AC2F1-C0EF-47FC-A271-55D6BCC53FE7}
	EndGlobalSection
EndGlobal
